
Microsoft Visual Studio Solution File, Format Version 12.00
# Visual Studio Version 17
VisualStudioVersion = 17.5.33530.505
MinimumVisualStudioVersion = 10.0.40219.1
Project("{FAE04EC0-301F-11D3-BF4B-00C04F79EFBC}") = "SchoolManagement", "SchoolManagement\SchoolManagement.csproj", "{C81236BB-CC5F-43B3-9959-9D02AEDEBD9E}"
EndProject
Global
	GlobalSection(SolutionConfigurationPlatforms) = preSolution
		Debug|Any CPU = Debug|Any CPU
		Release|Any CPU = Release|Any CPU
	EndGlobalSection
	GlobalSection(ProjectConfigurationPlatforms) = postSolution
		{C81236BB-CC5F-43B3-9959-9D02AEDEBD9E}.Debug|Any CPU.ActiveCfg = Debug|Any CPU
		{C81236BB-CC5F-43B3-9959-9D02AEDEBD9E}.Debug|Any CPU.Build.0 = Debug|Any CPU
		{C81236BB-CC5F-43B3-9959-9D02AEDEBD9E}.Release|Any CPU.ActiveCfg = Release|Any CPU
		{C81236BB-CC5F-43B3-9959-9D02AEDEBD9E}.Release|Any CPU.Build.0 = Release|Any CPU
	EndGlobalSection
	GlobalSection(SolutionProperties) = preSolution
		HideSolutionNode = FALSE
	EndGlobalSection
	GlobalSection(ExtensibilityGlobals) = postSolution
		SolutionGuid = {B9DF7B1D-0441-48A5-87DC-D7168DF6F2B1}
	EndGlobalSection
EndGlobal
